
Microsoft Visual Studio Solution File, Format Version 12.00
# Visual Studio 15
VisualStudioVersion = 15.0.28307.489
MinimumVisualStudioVersion = 10.0.40219.1
Project("{FAE04EC0-301F-11D3-BF4B-00C04F79EFBC}") = "FolderBrowser", "FolderBrowser.csproj", "{F6838348-C1C3-4E07-915F-393B9901658B}"
EndProject
Global
	GlobalSection(SolutionConfigurationPlatforms) = preSolution
		Debug|Any CPU = Debug|Any CPU
		Release|Any CPU = Release|Any CPU
	EndGlobalSection
	GlobalSection(ProjectConfigurationPlatforms) = postSolution
		{F6838348-C1C3-4E07-915F-393B9901658B}.Debug|Any CPU.ActiveCfg = Debug|Any CPU
		{F6838348-C1C3-4E07-915F-393B9901658B}.Debug|Any CPU.Build.0 = Debug|Any CPU
		{F6838348-C1C3-4E07-915F-393B9901658B}.Release|Any CPU.ActiveCfg = Release|Any CPU
		{F6838348-C1C3-4E07-915F-393B9901658B}.Release|Any CPU.Build.0 = Release|Any CPU
	EndGlobalSection
	GlobalSection(SolutionProperties) = preSolution
		HideSolutionNode = FALSE
	EndGlobalSection
	GlobalSection(ExtensibilityGlobals) = postSolution
		SolutionGuid = {DFB529AC-69B0-4103-B99B-26D83C25485C}
	EndGlobalSection
EndGlobal
